
Microsoft Visual Studio Solution File, Format Version 12.00
# Visual Studio Version 16
VisualStudioVersion = 16.0.810.21
MinimumVisualStudioVersion = 10.0.40219.1
Project("{FAE04EC0-301F-11D3-BF4B-00C04F79EFBC}") = "FibonacciConsoleApp", "FibonacciConsoleApp\FibonacciConsoleApp.csproj", "{71017BEA-9B29-42A2-A59D-EB1AAB507413}"
EndProject
Global
	GlobalSection(SolutionConfigurationPlatforms) = preSolution
		Debug|Any CPU = Debug|Any CPU
		Release|Any CPU = Release|Any CPU
	EndGlobalSection
	GlobalSection(ProjectConfigurationPlatforms) = postSolution
		{71017BEA-9B29-42A2-A59D-EB1AAB507413}.Debug|Any CPU.ActiveCfg = Debug|Any CPU
		{71017BEA-9B29-42A2-A59D-EB1AAB507413}.Debug|Any CPU.Build.0 = Debug|Any CPU
		{71017BEA-9B29-42A2-A59D-EB1AAB507413}.Release|Any CPU.ActiveCfg = Release|Any CPU
		{71017BEA-9B29-42A2-A59D-EB1AAB507413}.Release|Any CPU.Build.0 = Release|Any CPU
	EndGlobalSection
	GlobalSection(SolutionProperties) = preSolution
		HideSolutionNode = FALSE
	EndGlobalSection
	GlobalSection(ExtensibilityGlobals) = postSolution
		SolutionGuid = {2F7190D0-F4B4-405D-B03E-DA4A99018A0C}
	EndGlobalSection
EndGlobal
